
Microsoft Visual Studio Solution File, Format Version 12.00
# Visual Studio Version 17
VisualStudioVersion = 17.13.35931.197 d17.13
MinimumVisualStudioVersion = 10.0.40219.1
Project("{FAE04EC0-301F-11D3-BF4B-00C04F79EFBC}") = "Rental_Strikes_Back", "Rental_Strikes_Back\Rental_Strikes_Back.csproj", "{0B0736EE-A9BB-48F8-86D5-FD424E95D5B5}"
EndProject
Global
	GlobalSection(SolutionConfigurationPlatforms) = preSolution
		Debug|Any CPU = Debug|Any CPU
		Release|Any CPU = Release|Any CPU
	EndGlobalSection
	GlobalSection(ProjectConfigurationPlatforms) = postSolution
		{0B0736EE-A9BB-48F8-86D5-FD424E95D5B5}.Debug|Any CPU.ActiveCfg = Debug|Any CPU
		{0B0736EE-A9BB-48F8-86D5-FD424E95D5B5}.Debug|Any CPU.Build.0 = Debug|Any CPU
		{0B0736EE-A9BB-48F8-86D5-FD424E95D5B5}.Release|Any CPU.ActiveCfg = Release|Any CPU
		{0B0736EE-A9BB-48F8-86D5-FD424E95D5B5}.Release|Any CPU.Build.0 = Release|Any CPU
	EndGlobalSection
	GlobalSection(SolutionProperties) = preSolution
		HideSolutionNode = FALSE
	EndGlobalSection
	GlobalSection(ExtensibilityGlobals) = postSolution
		SolutionGuid = {E6B0CE31-9970-4768-B495-2761A8198E0A}
	EndGlobalSection
EndGlobal
